{
  "lockfileVersion": 1,
  "workspaces": {
    "": {
      "name": "palette-dumper",
      "dependencies": {
        "@serenityjs/binarystream": "^1.0.10",
        "@serenityjs/nbt": "^1.0.10",
      },
      "devDependencies": {
        "@minecraft/common": "^1.2.0",
        "@minecraft/server": "^2.1.0-beta.1.21.90-preview.23",
        "@minecraft/server-net": "^1.0.0-beta.11940b24",
        "@types/bun": "latest",
        "@types/node": "^20.11.30",
        "ts-node": "^10.9.2",
        "typescript": "^5.4.3",
      },
    },
  },
  "packages": {
    "@cspotcode/source-map-support": ["@cspotcode/source-map-support@0.8.1", "", { "dependencies": { "@jridgewell/trace-mapping": "0.3.9" } }, "sha512-IchNf6dN4tHoMFIn/7OE8LWZ19Y6q/67Bmf6vnGREv8RSbBVb9LPJxEcnwrcwX6ixSvaiGoomAUvu4YSxXrVgw=="],

    "@jridgewell/resolve-uri": ["@jridgewell/resolve-uri@3.1.2", "", {}, "sha512-bRISgCIjP20/tbWSPWMEi54QVPRZExkuD9lJL+UIxUKtwVJA8wW1Trb1jMs1RFXo1CBTNZ/5hpC9QvmKWdopKw=="],

    "@jridgewell/sourcemap-codec": ["@jridgewell/sourcemap-codec@1.5.0", "", {}, "sha512-gv3ZRaISU3fjPAgNsriBRqGWQL6quFx04YMPW/zD8XMLsU32mhCCbfbO6KZFLjvYpCZ8zyDEgqsgf+PwPaM7GQ=="],

    "@jridgewell/trace-mapping": ["@jridgewell/trace-mapping@0.3.9", "", { "dependencies": { "@jridgewell/resolve-uri": "^3.0.3", "@jridgewell/sourcemap-codec": "^1.4.10" } }, "sha512-3Belt6tdc8bPgAtbcmdtNJlirVoTmEb5e2gC94PnkwEW9jI6CAHUeoG85tjWP5WquqfavoMtMwiG4P926ZKKuQ=="],

    "@minecraft/common": ["@minecraft/common@1.2.0", "", {}, "sha512-JdmEq4P3Z/FtoBzhLijFgMSVFnFRrUoLwY8DHHrgtFo0mfLTOLTB1RErYjLMsA6b7BGVNxkX/pfFRiH7QZ0XwQ=="],

    "@minecraft/server": ["@minecraft/server@2.1.0-beta.1.21.90-preview.23", "", { "dependencies": { "@minecraft/common": "^1.1.0" }, "peerDependencies": { "@minecraft/vanilla-data": ">=1.20.70" } }, "sha512-mlXjbUUIcahQctpioyblR6l/tbLLOXT03OUwMYPhKxuZW9nRPIgkf/Un/AiUWx3sJZhhLs2v+A8mO9vtPeLelw=="],

    "@minecraft/server-admin": ["@minecraft/server-admin@1.0.0-beta.11940b24", "", {}, "sha512-UZ8YyB8mvF31f22+uM67gJums9d6NDgz9AQ2l4a++EHUP9uen0m3aaBaqM9RyumJpRBJbv/hslAKOyeDT01qew=="],

    "@minecraft/server-net": ["@minecraft/server-net@1.0.0-beta.11940b24", "", { "dependencies": { "@minecraft/server-admin": "1.0.0-beta.11940b24" } }, "sha512-jiL03mGNpADCfvPDyydheEAhdi7J++nx5nB7Gyu3GImDlV5pv9uTwKCrnmILrLs4qJTtxhuRLKBKRlVyYDpKMw=="],

    "@minecraft/vanilla-data": ["@minecraft/vanilla-data@1.21.80", "", {}, "sha512-wm6GkTrVbl/8oFFyXL7iDaYj1a+sH6fpYthonxCmoWK/48mf1x1ZvrTZB1rdJFnMo7euNDMnib6uXut6qFmzpw=="],

    "@serenityjs/binarystream": ["@serenityjs/binarystream@1.0.11", "", { "optionalDependencies": { "@serenityjs/binarystream-darwin-x64": "1.0.11", "@serenityjs/binarystream-linux-x64-gnu": "1.0.11", "@serenityjs/binarystream-win32-x64-msvc": "1.0.11" } }, "sha512-v1vQV2LqKzLT+dCjTxJ0ZA6gaJeYOqTjjPHOIKlOxtYfbwepVqrz82pbVvhd0FhEJ0OIzGrHTNj8scndk7NSPw=="],

    "@serenityjs/nbt": ["@serenityjs/nbt@1.0.10", "", { "dependencies": { "@serenityjs/binarystream": "*" } }, "sha512-mgroRSehp9RrnT2Wv3UI/2zrKY+3AoWb0iHmmd1T5IMnKfE8i5wk026wcA30dCh5ECfl4eWErENeRpPHeFyfcg=="],

    "@tsconfig/node10": ["@tsconfig/node10@1.0.11", "", {}, "sha512-DcRjDCujK/kCk/cUe8Xz8ZSpm8mS3mNNpta+jGCA6USEDfktlNvm1+IuZ9eTcDbNk41BHwpHHeW+N1lKCz4zOw=="],

    "@tsconfig/node12": ["@tsconfig/node12@1.0.11", "", {}, "sha512-cqefuRsh12pWyGsIoBKJA9luFu3mRxCA+ORZvA4ktLSzIuCUtWVxGIuXigEwO5/ywWFMZ2QEGKWvkZG1zDMTag=="],

    "@tsconfig/node14": ["@tsconfig/node14@1.0.3", "", {}, "sha512-ysT8mhdixWK6Hw3i1V2AeRqZ5WfXg1G43mqoYlM2nc6388Fq5jcXyr5mRsqViLx/GJYdoL0bfXD8nmF+Zn/Iow=="],

    "@tsconfig/node16": ["@tsconfig/node16@1.0.4", "", {}, "sha512-vxhUy4J8lyeyinH7Azl1pdd43GJhZH/tP2weN8TntQblOY+A0XbT8DJk1/oCPuOOyg/Ja757rG0CgHcWC8OfMA=="],

    "@types/bun": ["@types/bun@1.2.2", "", { "dependencies": { "bun-types": "1.2.2" } }, "sha512-tr74gdku+AEDN5ergNiBnplr7hpDp3V1h7fqI2GcR/rsUaM39jpSeKH0TFibRvU0KwniRx5POgaYnaXbk0hU+w=="],

    "@types/node": ["@types/node@20.17.17", "", { "dependencies": { "undici-types": "~6.19.2" } }, "sha512-/WndGO4kIfMicEQLTi/mDANUu/iVUhT7KboZPdEqqHQ4aTS+3qT3U5gIqWDFV+XouorjfgGqvKILJeHhuQgFYg=="],

    "@types/ws": ["@types/ws@8.5.14", "", { "dependencies": { "@types/node": "*" } }, "sha512-bd/YFLW+URhBzMXurx7lWByOu+xzU9+kb3RboOteXYDfW+tr+JZa99OyNmPINEGB/ahzKrEuc8rcv4gnpJmxTw=="],

    "acorn": ["acorn@8.14.0", "", { "bin": { "acorn": "bin/acorn" } }, "sha512-cl669nCJTZBsL97OF4kUQm5g5hC2uihk0NxY3WENAC0TYdILVkAyHymAntgxGkl7K+t0cXIrH5siy5S4XkFycA=="],

    "acorn-walk": ["acorn-walk@8.3.4", "", { "dependencies": { "acorn": "^8.11.0" } }, "sha512-ueEepnujpqee2o5aIYnvHU6C0A42MNdsIDeqy5BydrkuC5R1ZuUFnm27EeFJGoEHJQgn3uleRvmTXaJgfXbt4g=="],

    "arg": ["arg@4.1.3", "", {}, "sha512-58S9QDqG0Xx27YwPSt9fJxivjYl432YCwfDMfZ+71RAqUrZef7LrKQZ3LHLOwCS4FLNBplP533Zx895SeOCHvA=="],

    "bun-types": ["bun-types@1.2.2", "", { "dependencies": { "@types/node": "*", "@types/ws": "~8.5.10" } }, "sha512-RCbMH5elr9gjgDGDhkTTugA21XtJAy/9jkKe/G3WR2q17VPGhcquf9Sir6uay9iW+7P/BV0CAHA1XlHXMAVKHg=="],

    "create-require": ["create-require@1.1.1", "", {}, "sha512-dcKFX3jn0MpIaXjisoRvexIJVEKzaq7z2rZKxf+MSr9TkdmHmsU4m2lcLojrj/FHl8mk5VxMmYA+ftRkP/3oKQ=="],

    "diff": ["diff@4.0.2", "", {}, "sha512-58lmxKSA4BNyLz+HHMUzlOEpg09FV+ev6ZMe3vJihgdxzgcwZ8VoEEPmALCZG9LmqfVoNMMKpttIYTVG6uDY7A=="],

    "make-error": ["make-error@1.3.6", "", {}, "sha512-s8UhlNe7vPKomQhC1qFelMokr/Sc3AgNbso3n74mVPA5LTZwkB9NlXf4XPamLxJE8h0gh73rM94xvwRT2CVInw=="],

    "ts-node": ["ts-node@10.9.2", "", { "dependencies": { "@cspotcode/source-map-support": "^0.8.0", "@tsconfig/node10": "^1.0.7", "@tsconfig/node12": "^1.0.7", "@tsconfig/node14": "^1.0.0", "@tsconfig/node16": "^1.0.2", "acorn": "^8.4.1", "acorn-walk": "^8.1.1", "arg": "^4.1.0", "create-require": "^1.1.0", "diff": "^4.0.1", "make-error": "^1.1.1", "v8-compile-cache-lib": "^3.0.1", "yn": "3.1.1" }, "peerDependencies": { "@swc/core": ">=1.2.50", "@swc/wasm": ">=1.2.50", "@types/node": "*", "typescript": ">=2.7" }, "optionalPeers": ["@swc/core", "@swc/wasm"], "bin": { "ts-node": "dist/bin.js", "ts-script": "dist/bin-script-deprecated.js", "ts-node-cwd": "dist/bin-cwd.js", "ts-node-esm": "dist/bin-esm.js", "ts-node-script": "dist/bin-script.js", "ts-node-transpile-only": "dist/bin-transpile.js" } }, "sha512-f0FFpIdcHgn8zcPSbf1dRevwt047YMnaiJM3u2w2RewrB+fob/zePZcrOyQoLMMO7aBIddLcQIEK5dYjkLnGrQ=="],

    "typescript": ["typescript@5.7.3", "", { "bin": { "tsc": "bin/tsc", "tsserver": "bin/tsserver" } }, "sha512-84MVSjMEHP+FQRPy3pX9sTVV/INIex71s9TL2Gm5FG/WG1SqXeKyZ0k7/blY/4FdOzI12CBy1vGc4og/eus0fw=="],

    "undici-types": ["undici-types@6.19.8", "", {}, "sha512-ve2KP6f/JnbPBFyobGHuerC9g1FYGn/F8n1LWTwNxCEzd6IfqTwUQcNXgEtmmQ6DlRrC1hrSrBnCZPokRrDHjw=="],

    "v8-compile-cache-lib": ["v8-compile-cache-lib@3.0.1", "", {}, "sha512-wa7YjyUGfNZngI/vtK0UHAN+lgDCxBPCylVXGp0zu59Fz5aiGtNXaq3DhIov063MorB+VfufLh3JlF2KdTK3xg=="],

    "yn": ["yn@3.1.1", "", {}, "sha512-Ux4ygGWsu2c7isFWe8Yu1YluJmqVhxqK2cLXNQA5AcC3QfbGNpM7fu0Y8b/z16pXLnFxZYvWhd3fhBY9DLmC6Q=="],
  }
}
