# This file is generated by running "yarn install" inside your project.
# Manual changes might be lost - proceed with caution!

__metadata:
  version: 8
  cacheKey: 10

"@cspotcode/source-map-support@npm:^0.8.0":
  version: 0.8.1
  resolution: "@cspotcode/source-map-support@npm:0.8.1"
  dependencies:
    "@jridgewell/trace-mapping": "npm:0.3.9"
  checksum: 10/b6e38a1712fab242c86a241c229cf562195aad985d0564bd352ac404be583029e89e93028ffd2c251d2c407ecac5fb0cbdca94a2d5c10f29ac806ede0508b3ff
  languageName: node
  linkType: hard

"@jridgewell/resolve-uri@npm:^3.0.3":
  version: 3.1.2
  resolution: "@jridgewell/resolve-uri@npm:3.1.2"
  checksum: 10/97106439d750a409c22c8bff822d648f6a71f3aa9bc8e5129efdc36343cd3096ddc4eeb1c62d2fe48e9bdd4db37b05d4646a17114ecebd3bbcacfa2de51c3c1d
  languageName: node
  linkType: hard

"@jridgewell/sourcemap-codec@npm:^1.4.10":
  version: 1.4.15
  resolution: "@jridgewell/sourcemap-codec@npm:1.4.15"
  checksum: 10/89960ac087781b961ad918978975bcdf2051cd1741880469783c42de64239703eab9db5230d776d8e6a09d73bb5e4cb964e07d93ee6e2e7aea5a7d726e865c09
  languageName: node
  linkType: hard

"@jridgewell/trace-mapping@npm:0.3.9":
  version: 0.3.9
  resolution: "@jridgewell/trace-mapping@npm:0.3.9"
  dependencies:
    "@jridgewell/resolve-uri": "npm:^3.0.3"
    "@jridgewell/sourcemap-codec": "npm:^1.4.10"
  checksum: 10/83deafb8e7a5ca98993c2c6eeaa93c270f6f647a4c0dc00deb38c9cf9b2d3b7bf15e8839540155247ef034a052c0ec4466f980bf0c9e2ab63b97d16c0cedd3ff
  languageName: node
  linkType: hard

"@minecraft/common@npm:^1.1.0, @minecraft/common@npm:^1.2.0":
  version: 1.2.0
  resolution: "@minecraft/common@npm:1.2.0"
  checksum: 10/4437960ad2329d47d8658ad2339155f3ab307521e7fe52aaac67fa86644ccf9c92ab106a06adc36368bd2de1040643348398a29f77eb693935c7542e75758b11
  languageName: node
  linkType: hard

"@minecraft/server-admin@npm:1.0.0-beta.release.1.19.50":
  version: 1.0.0-beta.release.1.19.50
  resolution: "@minecraft/server-admin@npm:1.0.0-beta.release.1.19.50"
  checksum: 10/c7ef9b415cfce49da20c0d0b7d1a0b7b5d764d0c83bdfb627f569a68ece204fd3f0c07fe3dbfbc5a6117a44c05b775a54d4af6f868c7285ea9b9ac4b0f9ea9df
  languageName: node
  linkType: hard

"@minecraft/server-net@npm:^1.0.0-beta.11940b24":
  version: 1.0.0-beta.release.1.19.50
  resolution: "@minecraft/server-net@npm:1.0.0-beta.release.1.19.50"
  dependencies:
    "@minecraft/server-admin": "npm:1.0.0-beta.release.1.19.50"
  checksum: 10/49493f0fde7ea2ac59bb79bdca9edb438fd8447d74ae8b1d5118a1d7188d9ccc5362cd9462c8156c127c363c3c46a694232560f6b3db75ea32eead10f3c6c57a
  languageName: node
  linkType: hard

"@minecraft/server@npm:^1.11.0-beta.1.20.80-preview.24":
  version: 1.11.0-beta.1.20.80-preview.24
  resolution: "@minecraft/server@npm:1.11.0-beta.1.20.80-preview.24"
  dependencies:
    "@minecraft/common": "npm:^1.1.0"
  checksum: 10/ab63066f7e26387bd5a9455b4c15738e6711c37efa16d8165ff755d3b2aa613fd72c0c864d7420081aab131d8862d9c5ea3be8dff41dfff4186a53ee1dd2108d
  languageName: node
  linkType: hard

"@tsconfig/node10@npm:^1.0.7":
  version: 1.0.11
  resolution: "@tsconfig/node10@npm:1.0.11"
  checksum: 10/51fe47d55fe1b80ec35e6e5ed30a13665fd3a531945350aa74a14a1e82875fb60b350c2f2a5e72a64831b1b6bc02acb6760c30b3738b54954ec2dea82db7a267
  languageName: node
  linkType: hard

"@tsconfig/node12@npm:^1.0.7":
  version: 1.0.11
  resolution: "@tsconfig/node12@npm:1.0.11"
  checksum: 10/5ce29a41b13e7897a58b8e2df11269c5395999e588b9a467386f99d1d26f6c77d1af2719e407621412520ea30517d718d5192a32403b8dfcc163bf33e40a338a
  languageName: node
  linkType: hard

"@tsconfig/node14@npm:^1.0.0":
  version: 1.0.3
  resolution: "@tsconfig/node14@npm:1.0.3"
  checksum: 10/19275fe80c4c8d0ad0abed6a96dbf00642e88b220b090418609c4376e1cef81bf16237bf170ad1b341452feddb8115d8dd2e5acdfdea1b27422071163dc9ba9d
  languageName: node
  linkType: hard

"@tsconfig/node16@npm:^1.0.2":
  version: 1.0.4
  resolution: "@tsconfig/node16@npm:1.0.4"
  checksum: 10/202319785901f942a6e1e476b872d421baec20cf09f4b266a1854060efbf78cde16a4d256e8bc949d31e6cd9a90f1e8ef8fb06af96a65e98338a2b6b0de0a0ff
  languageName: node
  linkType: hard

"@types/node@npm:^20.11.30":
  version: 20.12.2
  resolution: "@types/node@npm:20.12.2"
  dependencies:
    undici-types: "npm:~5.26.4"
  checksum: 10/f1f0ebfe475aefa183763b856e0023b81b76554196e8676a45b9fcfd1012cdd20d32adefb3c0330001c0011e074676603c34c24821a4924228250ea13a75da43
  languageName: node
  linkType: hard

"acorn-walk@npm:^8.1.1":
  version: 8.3.2
  resolution: "acorn-walk@npm:8.3.2"
  checksum: 10/57dbe2fd8cf744f562431775741c5c087196cd7a65ce4ccb3f3981cdfad25cd24ad2bad404997b88464ac01e789a0a61e5e355b2a84876f13deef39fb39686ca
  languageName: node
  linkType: hard

"acorn@npm:^8.4.1":
  version: 8.11.3
  resolution: "acorn@npm:8.11.3"
  bin:
    acorn: bin/acorn
  checksum: 10/b688e7e3c64d9bfb17b596e1b35e4da9d50553713b3b3630cf5690f2b023a84eac90c56851e6912b483fe60e8b4ea28b254c07e92f17ef83d72d78745a8352dd
  languageName: node
  linkType: hard

"arg@npm:^4.1.0":
  version: 4.1.3
  resolution: "arg@npm:4.1.3"
  checksum: 10/969b491082f20cad166649fa4d2073ea9e974a4e5ac36247ca23d2e5a8b3cb12d60e9ff70a8acfe26d76566c71fd351ee5e6a9a6595157eb36f92b1fd64e1599
  languageName: node
  linkType: hard

"create-require@npm:^1.1.0":
  version: 1.1.1
  resolution: "create-require@npm:1.1.1"
  checksum: 10/a9a1503d4390d8b59ad86f4607de7870b39cad43d929813599a23714831e81c520bddf61bcdd1f8e30f05fd3a2b71ae8538e946eb2786dc65c2bbc520f692eff
  languageName: node
  linkType: hard

"diff@npm:^4.0.1":
  version: 4.0.2
  resolution: "diff@npm:4.0.2"
  checksum: 10/ec09ec2101934ca5966355a229d77afcad5911c92e2a77413efda5455636c4cf2ce84057e2d7715227a2eeeda04255b849bd3ae3a4dd22eb22e86e76456df069
  languageName: node
  linkType: hard

"make-error@npm:^1.1.1":
  version: 1.3.6
  resolution: "make-error@npm:1.3.6"
  checksum: 10/b86e5e0e25f7f777b77fabd8e2cbf15737972869d852a22b7e73c17623928fccb826d8e46b9951501d3f20e51ad74ba8c59ed584f610526a48f8ccf88aaec402
  languageName: node
  linkType: hard

"palette-dumper@workspace:.":
  version: 0.0.0-use.local
  resolution: "palette-dumper@workspace:."
  dependencies:
    "@minecraft/common": "npm:^1.2.0"
    "@minecraft/server": "npm:^1.11.0-beta.1.20.80-preview.24"
    "@minecraft/server-net": "npm:^1.0.0-beta.11940b24"
    "@types/node": "npm:^20.11.30"
    ts-node: "npm:^10.9.2"
    typescript: "npm:^5.4.3"
  languageName: unknown
  linkType: soft

"ts-node@npm:^10.9.2":
  version: 10.9.2
  resolution: "ts-node@npm:10.9.2"
  dependencies:
    "@cspotcode/source-map-support": "npm:^0.8.0"
    "@tsconfig/node10": "npm:^1.0.7"
    "@tsconfig/node12": "npm:^1.0.7"
    "@tsconfig/node14": "npm:^1.0.0"
    "@tsconfig/node16": "npm:^1.0.2"
    acorn: "npm:^8.4.1"
    acorn-walk: "npm:^8.1.1"
    arg: "npm:^4.1.0"
    create-require: "npm:^1.1.0"
    diff: "npm:^4.0.1"
    make-error: "npm:^1.1.1"
    v8-compile-cache-lib: "npm:^3.0.1"
    yn: "npm:3.1.1"
  peerDependencies:
    "@swc/core": ">=1.2.50"
    "@swc/wasm": ">=1.2.50"
    "@types/node": "*"
    typescript: ">=2.7"
  peerDependenciesMeta:
    "@swc/core":
      optional: true
    "@swc/wasm":
      optional: true
  bin:
    ts-node: dist/bin.js
    ts-node-cwd: dist/bin-cwd.js
    ts-node-esm: dist/bin-esm.js
    ts-node-script: dist/bin-script.js
    ts-node-transpile-only: dist/bin-transpile.js
    ts-script: dist/bin-script-deprecated.js
  checksum: 10/a91a15b3c9f76ac462f006fa88b6bfa528130dcfb849dd7ef7f9d640832ab681e235b8a2bc58ecde42f72851cc1d5d4e22c901b0c11aa51001ea1d395074b794
  languageName: node
  linkType: hard

"typescript@npm:^5.4.3":
  version: 5.4.3
  resolution: "typescript@npm:5.4.3"
  bin:
    tsc: bin/tsc
    tsserver: bin/tsserver
  checksum: 10/de4c69f49a7ad4b1ea66a6dcc8b055ac34eb56af059a069d8988dd811c5e649be07e042e5bf573e8d0ac3ec2f30e6c999aa651cd09f6e9cbc6113749e8b6be20
  languageName: node
  linkType: hard

"typescript@patch:typescript@npm%3A^5.4.3#optional!builtin<compat/typescript>":
  version: 5.4.3
  resolution: "typescript@patch:typescript@npm%3A5.4.3#optional!builtin<compat/typescript>::version=5.4.3&hash=5adc0c"
  bin:
    tsc: bin/tsc
    tsserver: bin/tsserver
  checksum: 10/5aedd97595582b08aadb8a70e8e3ddebaf5a9c1e5ad4d6503c2fcfc15329b5cf8d01145b09913e9555683ac16c5123a96be32b6d72614098ebd42df520eed9b1
  languageName: node
  linkType: hard

"undici-types@npm:~5.26.4":
  version: 5.26.5
  resolution: "undici-types@npm:5.26.5"
  checksum: 10/0097779d94bc0fd26f0418b3a05472410408877279141ded2bd449167be1aed7ea5b76f756562cb3586a07f251b90799bab22d9019ceba49c037c76445f7cddd
  languageName: node
  linkType: hard

"v8-compile-cache-lib@npm:^3.0.1":
  version: 3.0.1
  resolution: "v8-compile-cache-lib@npm:3.0.1"
  checksum: 10/88d3423a52b6aaf1836be779cab12f7016d47ad8430dffba6edf766695e6d90ad4adaa3d8eeb512cc05924f3e246c4a4ca51e089dccf4402caa536b5e5be8961
  languageName: node
  linkType: hard

"yn@npm:3.1.1":
  version: 3.1.1
  resolution: "yn@npm:3.1.1"
  checksum: 10/2c487b0e149e746ef48cda9f8bad10fc83693cd69d7f9dcd8be4214e985de33a29c9e24f3c0d6bcf2288427040a8947406ab27f7af67ee9456e6b84854f02dd6
  languageName: node
  linkType: hard
